
Microsoft Visual Studio Solution File, Format Version 11.00
# Visual Studio 2010
Project("{FAE04EC0-301F-11D3-BF4B-00C04F79EFBC}") = "tttrmode", "tttrmode.csproj", "{B39C5846-0C26-4332-96F4-8E4299CE7800}"
EndProject
Global
	GlobalSection(SolutionConfigurationPlatforms) = preSolution
		Debug|x64 = Debug|x64
		Debug|x86 = Debug|x86
		Release|x64 = Release|x64
		Release|x86 = Release|x86
	EndGlobalSection
	GlobalSection(ProjectConfigurationPlatforms) = postSolution
		{B39C5846-0C26-4332-96F4-8E4299CE7800}.Debug|x64.ActiveCfg = Debug|x64
		{B39C5846-0C26-4332-96F4-8E4299CE7800}.Debug|x64.Build.0 = Debug|x64
		{B39C5846-0C26-4332-96F4-8E4299CE7800}.Debug|x86.ActiveCfg = Debug|x86
		{B39C5846-0C26-4332-96F4-8E4299CE7800}.Debug|x86.Build.0 = Debug|x86
		{B39C5846-0C26-4332-96F4-8E4299CE7800}.Release|x64.ActiveCfg = Release|x64
		{B39C5846-0C26-4332-96F4-8E4299CE7800}.Release|x64.Build.0 = Release|x64
		{B39C5846-0C26-4332-96F4-8E4299CE7800}.Release|x86.ActiveCfg = Release|x86
		{B39C5846-0C26-4332-96F4-8E4299CE7800}.Release|x86.Build.0 = Release|x86
	EndGlobalSection
	GlobalSection(SolutionProperties) = preSolution
		HideSolutionNode = FALSE
	EndGlobalSection
EndGlobal
